
Microsoft Visual Studio Solution File, Format Version 12.00
# Visual Studio Version 17
VisualStudioVersion = 17.1.32414.318
MinimumVisualStudioVersion = 10.0.40219.1
Project("{FAE04EC0-301F-11D3-BF4B-00C04F79EFBC}") = "HotelCapacityPlanning", "HotelCapacityPlanning.csproj", "{2054AB84-04FF-4C2C-B5B4-2490CDBF31AF}"
EndProject
Project("{FAE04EC0-301F-11D3-BF4B-00C04F79EFBC}") = "HotelCapacityPlanning.Tests", "..\HotelCapacityPlanning.Tests\HotelCapacityPlanning.Tests.csproj", "{931608A4-8E8E-4F3B-9BC2-D1534C1985A7}"
EndProject
Global
	GlobalSection(SolutionConfigurationPlatforms) = preSolution
		Debug|Any CPU = Debug|Any CPU
		Release|Any CPU = Release|Any CPU
	EndGlobalSection
	GlobalSection(ProjectConfigurationPlatforms) = postSolution
		{2054AB84-04FF-4C2C-B5B4-2490CDBF31AF}.Debug|Any CPU.ActiveCfg = Debug|Any CPU
		{2054AB84-04FF-4C2C-B5B4-2490CDBF31AF}.Debug|Any CPU.Build.0 = Debug|Any CPU
		{2054AB84-04FF-4C2C-B5B4-2490CDBF31AF}.Release|Any CPU.ActiveCfg = Release|Any CPU
		{2054AB84-04FF-4C2C-B5B4-2490CDBF31AF}.Release|Any CPU.Build.0 = Release|Any CPU
		{931608A4-8E8E-4F3B-9BC2-D1534C1985A7}.Debug|Any CPU.ActiveCfg = Debug|Any CPU
		{931608A4-8E8E-4F3B-9BC2-D1534C1985A7}.Debug|Any CPU.Build.0 = Debug|Any CPU
		{931608A4-8E8E-4F3B-9BC2-D1534C1985A7}.Release|Any CPU.ActiveCfg = Release|Any CPU
		{931608A4-8E8E-4F3B-9BC2-D1534C1985A7}.Release|Any CPU.Build.0 = Release|Any CPU
	EndGlobalSection
	GlobalSection(SolutionProperties) = preSolution
		HideSolutionNode = FALSE
	EndGlobalSection
	GlobalSection(ExtensibilityGlobals) = postSolution
		SolutionGuid = {1EEA98E9-21BA-4DB7-B6B7-57C01D5EE98B}
	EndGlobalSection
EndGlobal
